
Microsoft Visual Studio Solution File, Format Version 12.00
# Visual Studio 14
VisualStudioVersion = 14.0.25420.1
MinimumVisualStudioVersion = 10.0.40219.1
Project("{FAE04EC0-301F-11D3-BF4B-00C04F79EFBC}") = "DiscordMsdn", "DiscordMsdn\DiscordMsdn.csproj", "{A249764C-8585-466C-A9D1-DA136800D1FA}"
EndProject
Global
	GlobalSection(SolutionConfigurationPlatforms) = preSolution
		Debug|Any CPU = Debug|Any CPU
		Release|Any CPU = Release|Any CPU
	EndGlobalSection
	GlobalSection(ProjectConfigurationPlatforms) = postSolution
		{A249764C-8585-466C-A9D1-DA136800D1FA}.Debug|Any CPU.ActiveCfg = Debug|Any CPU
		{A249764C-8585-466C-A9D1-DA136800D1FA}.Debug|Any CPU.Build.0 = Debug|Any CPU
		{A249764C-8585-466C-A9D1-DA136800D1FA}.Release|Any CPU.ActiveCfg = Release|Any CPU
		{A249764C-8585-466C-A9D1-DA136800D1FA}.Release|Any CPU.Build.0 = Release|Any CPU
	EndGlobalSection
	GlobalSection(SolutionProperties) = preSolution
		HideSolutionNode = FALSE
	EndGlobalSection
EndGlobal
